<?xml version="1.0" encoding="utf-8"?>
<Project ToolsVersion="4.0" xmlns="http://schemas.microsoft.com/developer/msbuild/2003">
  <ItemGroup>
    <Filter Include="Source Files">
      <UniqueIdentifier>{4FC737F1-C7A5-4376-A066-2A32D752A2FF}</UniqueIdentifier>
      <Extensions>cpp;c;cc;cxx;c++;cppm;ixx;def;odl;idl;hpj;bat;asm;asmx</Extensions>
    </Filter>
    <Filter Include="Header Files">
      <UniqueIdentifier>{93995380-89BD-4b04-88EB-625FBE52EBFB}</UniqueIdentifier>
      <Extensions>h;hh;hpp;hxx;h++;hm;inl;inc;ipp;xsd</Extensions>
    </Filter>
    <Filter Include="Resource Files">
      <UniqueIdentifier>{67DA6AB6-F800-4c08-8B7A-83BB121AAD01}</UniqueIdentifier>
      <Extensions>rc;ico;cur;bmp;dlg;rc2;rct;bin;rgs;gif;jpg;jpeg;jpe;resx;tiff;tif;png;wav;mfcribbon-ms</Extensions>
    </Filter>
    <Filter Include="Header Files\Maze">
      <UniqueIdentifier>{c2bd3bfb-e2fc-4ae5-97e8-b440e10e9d98}</UniqueIdentifier>
    </Filter>
    <Filter Include="Header Files\Maze\SciFi">
      <UniqueIdentifier>{cdbb3d11-9268-4ab3-8111-8076207350ae}</UniqueIdentifier>
    </Filter>
    <Filter Include="Header Files\Maze\Fantasy">
      <UniqueIdentifier>{72214bab-4554-43d2-85cd-ee9b590dd3e7}</UniqueIdentifier>
    </Filter>
  </ItemGroup>
  <ItemGroup>
    <ClCompile Include="AbstractFactoryCodeListing.cpp">
      <Filter>Source Files</Filter>
    </ClCompile>
    <ClCompile Include="Maze.cpp">
      <Filter>Source Files</Filter>
    </ClCompile>
    <ClCompile Include="Main.cpp">
      <Filter>Source Files</Filter>
    </ClCompile>
  </ItemGroup>
  <ItemGroup>
    <ClInclude Include="AbstractMazeFactory.h">
      <Filter>Header Files\Maze</Filter>
    </ClInclude>
    <ClInclude Include="CompassDirection.h">
      <Filter>Header Files</Filter>
    </ClInclude>
    <ClInclude Include="Maze.h">
      <Filter>Header Files\Maze</Filter>
    </ClInclude>
    <ClInclude Include="AbstractDoor.h">
      <Filter>Header Files\Maze</Filter>
    </ClInclude>
    <ClInclude Include="AbstractRoom.h">
      <Filter>Header Files\Maze</Filter>
    </ClInclude>
    <ClInclude Include="AbstractWall.h">
      <Filter>Header Files\Maze</Filter>
    </ClInclude>
    <ClInclude Include="SciFiDoor.h">
      <Filter>Header Files\Maze\SciFi</Filter>
    </ClInclude>
    <ClInclude Include="SciFiMazeFactory.h">
      <Filter>Header Files\Maze\SciFi</Filter>
    </ClInclude>
    <ClInclude Include="SciFiRoom.h">
      <Filter>Header Files\Maze\SciFi</Filter>
    </ClInclude>
    <ClInclude Include="SciFiWall.h">
      <Filter>Header Files\Maze\SciFi</Filter>
    </ClInclude>
    <ClInclude Include="FantasyDoor.h">
      <Filter>Header Files\Maze\Fantasy</Filter>
    </ClInclude>
    <ClInclude Include="FantasyMazeFactory.h">
      <Filter>Header Files\Maze\Fantasy</Filter>
    </ClInclude>
    <ClInclude Include="FantasyRoom.h">
      <Filter>Header Files\Maze\Fantasy</Filter>
    </ClInclude>
    <ClInclude Include="FantasyWall.h">
      <Filter>Header Files\Maze\Fantasy</Filter>
    </ClInclude>
  </ItemGroup>
  <ItemGroup>
    <Text Include="ScratchPad.txt" />
  </ItemGroup>
</Project>